
Microsoft Visual Studio Solution File, Format Version 12.00
# Visual Studio 14
VisualStudioVersion = 14.0.25420.1
MinimumVisualStudioVersion = 10.0.40219.1
Project("{FAE04EC0-301F-11D3-BF4B-00C04F79EFBC}") = "WatchShop", "WatchShop\WatchShop.csproj", "{450F69EF-AFB5-4DD8-87EC-0BBF27F01FBF}"
EndProject
Project("{FAE04EC0-301F-11D3-BF4B-00C04F79EFBC}") = "Model", "Model\Model.csproj", "{3FE815A7-4780-4A76-AA2C-47C8F942B6E0}"
EndProject
Global
	GlobalSection(SolutionConfigurationPlatforms) = preSolution
		Debug|Any CPU = Debug|Any CPU
		Release|Any CPU = Release|Any CPU
	EndGlobalSection
	GlobalSection(ProjectConfigurationPlatforms) = postSolution
		{450F69EF-AFB5-4DD8-87EC-0BBF27F01FBF}.Debug|Any CPU.ActiveCfg = Debug|Any CPU
		{450F69EF-AFB5-4DD8-87EC-0BBF27F01FBF}.Debug|Any CPU.Build.0 = Debug|Any CPU
		{450F69EF-AFB5-4DD8-87EC-0BBF27F01FBF}.Release|Any CPU.ActiveCfg = Release|Any CPU
		{450F69EF-AFB5-4DD8-87EC-0BBF27F01FBF}.Release|Any CPU.Build.0 = Release|Any CPU
		{3FE815A7-4780-4A76-AA2C-47C8F942B6E0}.Debug|Any CPU.ActiveCfg = Debug|Any CPU
		{3FE815A7-4780-4A76-AA2C-47C8F942B6E0}.Debug|Any CPU.Build.0 = Debug|Any CPU
		{3FE815A7-4780-4A76-AA2C-47C8F942B6E0}.Release|Any CPU.ActiveCfg = Release|Any CPU
		{3FE815A7-4780-4A76-AA2C-47C8F942B6E0}.Release|Any CPU.Build.0 = Release|Any CPU
	EndGlobalSection
	GlobalSection(SolutionProperties) = preSolution
		HideSolutionNode = FALSE
	EndGlobalSection
EndGlobal
